
Microsoft Visual Studio Solution File, Format Version 12.00
# Visual Studio 15
VisualStudioVersion = 15.0.26430.12
MinimumVisualStudioVersion = 10.0.40219.1
Project("{FAE04EC0-301F-11D3-BF4B-00C04F79EFBC}") = "OandaFXNotifier.Android", "OandaFXNotifier\OandaFXNotifier.Android\OandaFXNotifier.Android.csproj", "{F3675A07-6A76-4724-BA83-07709B3FCB9A}"
EndProject
Project("{FAE04EC0-301F-11D3-BF4B-00C04F79EFBC}") = "OandaFXNotifier", "OandaFXNotifier\OandaFXNotifier\OandaFXNotifier.csproj", "{8AC428B6-9577-44CD-A76D-14296DEC462B}"
EndProject
Project("{FAE04EC0-301F-11D3-BF4B-00C04F79EFBC}") = "OandaFXNotifier.UWP", "OandaFXNotifier\OandaFXNotifier.UWP\OandaFXNotifier.UWP.csproj", "{5028B1FF-FB42-4E20-A63B-101B761B093A}"
EndProject
Project("{FAE04EC0-301F-11D3-BF4B-00C04F79EFBC}") = "OandaFXNotifier.iOS", "OandaFXNotifier\OandaFXNotifier.iOS\OandaFXNotifier.iOS.csproj", "{769C7020-B0E4-499F-9DD0-76EC818C0A84}"
EndProject
Project("{FAE04EC0-301F-11D3-BF4B-00C04F79EFBC}") = "OANDARestLibrary", "..\..\..\..\Downloads\rest-csharp-refimpl-master\rest-csharp-refimpl-master\Reference Implementation\OANDARestLibrary\OANDARestLibrary.csproj", "{22F134F0-E5A3-496A-BE6B-75680F014388}"
EndProject
Project("{FAE04EC0-301F-11D3-BF4B-00C04F79EFBC}") = "Test", "Test\Test.csproj", "{725A85CA-AB23-4478-882B-0D283F209EC8}"
EndProject
Global
	GlobalSection(SolutionConfigurationPlatforms) = preSolution
		Ad-Hoc|Any CPU = Ad-Hoc|Any CPU
		Ad-Hoc|ARM = Ad-Hoc|ARM
		Ad-Hoc|iPhone = Ad-Hoc|iPhone
		Ad-Hoc|iPhoneSimulator = Ad-Hoc|iPhoneSimulator
		Ad-Hoc|x64 = Ad-Hoc|x64
		Ad-Hoc|x86 = Ad-Hoc|x86
		AppStore|Any CPU = AppStore|Any CPU
		AppStore|ARM = AppStore|ARM
		AppStore|iPhone = AppStore|iPhone
		AppStore|iPhoneSimulator = AppStore|iPhoneSimulator
		AppStore|x64 = AppStore|x64
		AppStore|x86 = AppStore|x86
		Debug|Any CPU = Debug|Any CPU
		Debug|ARM = Debug|ARM
		Debug|iPhone = Debug|iPhone
		Debug|iPhoneSimulator = Debug|iPhoneSimulator
		Debug|x64 = Debug|x64
		Debug|x86 = Debug|x86
		Release|Any CPU = Release|Any CPU
		Release|ARM = Release|ARM
		Release|iPhone = Release|iPhone
		Release|iPhoneSimulator = Release|iPhoneSimulator
		Release|x64 = Release|x64
		Release|x86 = Release|x86
	EndGlobalSection
	GlobalSection(ProjectConfigurationPlatforms) = postSolution
		{F3675A07-6A76-4724-BA83-07709B3FCB9A}.Ad-Hoc|Any CPU.ActiveCfg = Release|Any CPU
		{F3675A07-6A76-4724-BA83-07709B3FCB9A}.Ad-Hoc|Any CPU.Build.0 = Release|Any CPU
		{F3675A07-6A76-4724-BA83-07709B3FCB9A}.Ad-Hoc|Any CPU.Deploy.0 = Release|Any CPU
		{F3675A07-6A76-4724-BA83-07709B3FCB9A}.Ad-Hoc|ARM.ActiveCfg = Release|Any CPU
		{F3675A07-6A76-4724-BA83-07709B3FCB9A}.Ad-Hoc|ARM.Build.0 = Release|Any CPU
		{F3675A07-6A76-4724-BA83-07709B3FCB9A}.Ad-Hoc|ARM.Deploy.0 = Release|Any CPU
		{F3675A07-6A76-4724-BA83-07709B3FCB9A}.Ad-Hoc|iPhone.ActiveCfg = Release|Any CPU
		{F3675A07-6A76-4724-BA83-07709B3FCB9A}.Ad-Hoc|iPhone.Build.0 = Release|Any CPU
		{F3675A07-6A76-4724-BA83-07709B3FCB9A}.Ad-Hoc|iPhone.Deploy.0 = Release|Any CPU
		{F3675A07-6A76-4724-BA83-07709B3FCB9A}.Ad-Hoc|iPhoneSimulator.ActiveCfg = Release|Any CPU
		{F3675A07-6A76-4724-BA83-07709B3FCB9A}.Ad-Hoc|iPhoneSimulator.Build.0 = Release|Any CPU
		{F3675A07-6A76-4724-BA83-07709B3FCB9A}.Ad-Hoc|iPhoneSimulator.Deploy.0 = Release|Any CPU
		{F3675A07-6A76-4724-BA83-07709B3FCB9A}.Ad-Hoc|x64.ActiveCfg = Release|Any CPU
		{F3675A07-6A76-4724-BA83-07709B3FCB9A}.Ad-Hoc|x64.Build.0 = Release|Any CPU
		{F3675A07-6A76-4724-BA83-07709B3FCB9A}.Ad-Hoc|x64.Deploy.0 = Release|Any CPU
		{F3675A07-6A76-4724-BA83-07709B3FCB9A}.Ad-Hoc|x86.ActiveCfg = Release|Any CPU
		{F3675A07-6A76-4724-BA83-07709B3FCB9A}.Ad-Hoc|x86.Build.0 = Release|Any CPU
		{F3675A07-6A76-4724-BA83-07709B3FCB9A}.Ad-Hoc|x86.Deploy.0 = Release|Any CPU
		{F3675A07-6A76-4724-BA83-07709B3FCB9A}.AppStore|Any CPU.ActiveCfg = Release|Any CPU
		{F3675A07-6A76-4724-BA83-07709B3FCB9A}.AppStore|Any CPU.Build.0 = Release|Any CPU
		{F3675A07-6A76-4724-BA83-07709B3FCB9A}.AppStore|Any CPU.Deploy.0 = Release|Any CPU
		{F3675A07-6A76-4724-BA83-07709B3FCB9A}.AppStore|ARM.ActiveCfg = Release|Any CPU
		{F3675A07-6A76-4724-BA83-07709B3FCB9A}.AppStore|ARM.Build.0 = Release|Any CPU
		{F3675A07-6A76-4724-BA83-07709B3FCB9A}.AppStore|ARM.Deploy.0 = Release|Any CPU
		{F3675A07-6A76-4724-BA83-07709B3FCB9A}.AppStore|iPhone.ActiveCfg = Release|Any CPU
		{F3675A07-6A76-4724-BA83-07709B3FCB9A}.AppStore|iPhone.Build.0 = Release|Any CPU
		{F3675A07-6A76-4724-BA83-07709B3FCB9A}.AppStore|iPhone.Deploy.0 = Release|Any CPU
		{F3675A07-6A76-4724-BA83-07709B3FCB9A}.AppStore|iPhoneSimulator.ActiveCfg = Release|Any CPU
		{F3675A07-6A76-4724-BA83-07709B3FCB9A}.AppStore|iPhoneSimulator.Build.0 = Release|Any CPU
		{F3675A07-6A76-4724-BA83-07709B3FCB9A}.AppStore|iPhoneSimulator.Deploy.0 = Release|Any CPU
		{F3675A07-6A76-4724-BA83-07709B3FCB9A}.AppStore|x64.ActiveCfg = Release|Any CPU
		{F3675A07-6A76-4724-BA83-07709B3FCB9A}.AppStore|x64.Build.0 = Release|Any CPU
		{F3675A07-6A76-4724-BA83-07709B3FCB9A}.AppStore|x64.Deploy.0 = Release|Any CPU
		{F3675A07-6A76-4724-BA83-07709B3FCB9A}.AppStore|x86.ActiveCfg = Release|Any CPU
		{F3675A07-6A76-4724-BA83-07709B3FCB9A}.AppStore|x86.Build.0 = Release|Any CPU
		{F3675A07-6A76-4724-BA83-07709B3FCB9A}.AppStore|x86.Deploy.0 = Release|Any CPU
		{F3675A07-6A76-4724-BA83-07709B3FCB9A}.Debug|Any CPU.ActiveCfg = Debug|Any CPU
		{F3675A07-6A76-4724-BA83-07709B3FCB9A}.Debug|Any CPU.Build.0 = Debug|Any CPU
		{F3675A07-6A76-4724-BA83-07709B3FCB9A}.Debug|Any CPU.Deploy.0 = Debug|Any CPU
		{F3675A07-6A76-4724-BA83-07709B3FCB9A}.Debug|ARM.ActiveCfg = Debug|Any CPU
		{F3675A07-6A76-4724-BA83-07709B3FCB9A}.Debug|ARM.Build.0 = Debug|Any CPU
		{F3675A07-6A76-4724-BA83-07709B3FCB9A}.Debug|ARM.Deploy.0 = Debug|Any CPU
		{F3675A07-6A76-4724-BA83-07709B3FCB9A}.Debug|iPhone.ActiveCfg = Debug|Any CPU
		{F3675A07-6A76-4724-BA83-07709B3FCB9A}.Debug|iPhone.Build.0 = Debug|Any CPU
		{F3675A07-6A76-4724-BA83-07709B3FCB9A}.Debug|iPhone.Deploy.0 = Debug|Any CPU
		{F3675A07-6A76-4724-BA83-07709B3FCB9A}.Debug|iPhoneSimulator.ActiveCfg = Debug|Any CPU
		{F3675A07-6A76-4724-BA83-07709B3FCB9A}.Debug|iPhoneSimulator.Build.0 = Debug|Any CPU
		{F3675A07-6A76-4724-BA83-07709B3FCB9A}.Debug|iPhoneSimulator.Deploy.0 = Debug|Any CPU
		{F3675A07-6A76-4724-BA83-07709B3FCB9A}.Debug|x64.ActiveCfg = Debug|Any CPU
		{F3675A07-6A76-4724-BA83-07709B3FCB9A}.Debug|x64.Build.0 = Debug|Any CPU
		{F3675A07-6A76-4724-BA83-07709B3FCB9A}.Debug|x64.Deploy.0 = Debug|Any CPU
		{F3675A07-6A76-4724-BA83-07709B3FCB9A}.Debug|x86.ActiveCfg = Debug|Any CPU
		{F3675A07-6A76-4724-BA83-07709B3FCB9A}.Debug|x86.Build.0 = Debug|Any CPU
		{F3675A07-6A76-4724-BA83-07709B3FCB9A}.Debug|x86.Deploy.0 = Debug|Any CPU
		{F3675A07-6A76-4724-BA83-07709B3FCB9A}.Release|Any CPU.ActiveCfg = Release|Any CPU
		{F3675A07-6A76-4724-BA83-07709B3FCB9A}.Release|Any CPU.Build.0 = Release|Any CPU
		{F3675A07-6A76-4724-BA83-07709B3FCB9A}.Release|Any CPU.Deploy.0 = Release|Any CPU
		{F3675A07-6A76-4724-BA83-07709B3FCB9A}.Release|ARM.ActiveCfg = Release|Any CPU
		{F3675A07-6A76-4724-BA83-07709B3FCB9A}.Release|ARM.Build.0 = Release|Any CPU
		{F3675A07-6A76-4724-BA83-07709B3FCB9A}.Release|ARM.Deploy.0 = Release|Any CPU
		{F3675A07-6A76-4724-BA83-07709B3FCB9A}.Release|iPhone.ActiveCfg = Release|Any CPU
		{F3675A07-6A76-4724-BA83-07709B3FCB9A}.Release|iPhone.Build.0 = Release|Any CPU
		{F3675A07-6A76-4724-BA83-07709B3FCB9A}.Release|iPhone.Deploy.0 = Release|Any CPU
		{F3675A07-6A76-4724-BA83-07709B3FCB9A}.Release|iPhoneSimulator.ActiveCfg = Release|Any CPU
		{F3675A07-6A76-4724-BA83-07709B3FCB9A}.Release|iPhoneSimulator.Build.0 = Release|Any CPU
		{F3675A07-6A76-4724-BA83-07709B3FCB9A}.Release|iPhoneSimulator.Deploy.0 = Release|Any CPU
		{F3675A07-6A76-4724-BA83-07709B3FCB9A}.Release|x64.ActiveCfg = Release|Any CPU
		{F3675A07-6A76-4724-BA83-07709B3FCB9A}.Release|x64.Build.0 = Release|Any CPU
		{F3675A07-6A76-4724-BA83-07709B3FCB9A}.Release|x64.Deploy.0 = Release|Any CPU
		{F3675A07-6A76-4724-BA83-07709B3FCB9A}.Release|x86.ActiveCfg = Release|Any CPU
		{F3675A07-6A76-4724-BA83-07709B3FCB9A}.Release|x86.Build.0 = Release|Any CPU
		{F3675A07-6A76-4724-BA83-07709B3FCB9A}.Release|x86.Deploy.0 = Release|Any CPU
		{8AC428B6-9577-44CD-A76D-14296DEC462B}.Ad-Hoc|Any CPU.ActiveCfg = Release|Any CPU
		{8AC428B6-9577-44CD-A76D-14296DEC462B}.Ad-Hoc|Any CPU.Build.0 = Release|Any CPU
		{8AC428B6-9577-44CD-A76D-14296DEC462B}.Ad-Hoc|ARM.ActiveCfg = Release|Any CPU
		{8AC428B6-9577-44CD-A76D-14296DEC462B}.Ad-Hoc|ARM.Build.0 = Release|Any CPU
		{8AC428B6-9577-44CD-A76D-14296DEC462B}.Ad-Hoc|iPhone.ActiveCfg = Release|Any CPU
		{8AC428B6-9577-44CD-A76D-14296DEC462B}.Ad-Hoc|iPhone.Build.0 = Release|Any CPU
		{8AC428B6-9577-44CD-A76D-14296DEC462B}.Ad-Hoc|iPhoneSimulator.ActiveCfg = Release|Any CPU
		{8AC428B6-9577-44CD-A76D-14296DEC462B}.Ad-Hoc|iPhoneSimulator.Build.0 = Release|Any CPU
		{8AC428B6-9577-44CD-A76D-14296DEC462B}.Ad-Hoc|x64.ActiveCfg = Release|Any CPU
		{8AC428B6-9577-44CD-A76D-14296DEC462B}.Ad-Hoc|x64.Build.0 = Release|Any CPU
		{8AC428B6-9577-44CD-A76D-14296DEC462B}.Ad-Hoc|x86.ActiveCfg = Release|Any CPU
		{8AC428B6-9577-44CD-A76D-14296DEC462B}.Ad-Hoc|x86.Build.0 = Release|Any CPU
		{8AC428B6-9577-44CD-A76D-14296DEC462B}.AppStore|Any CPU.ActiveCfg = Release|Any CPU
		{8AC428B6-9577-44CD-A76D-14296DEC462B}.AppStore|Any CPU.Build.0 = Release|Any CPU
		{8AC428B6-9577-44CD-A76D-14296DEC462B}.AppStore|ARM.ActiveCfg = Release|Any CPU
		{8AC428B6-9577-44CD-A76D-14296DEC462B}.AppStore|ARM.Build.0 = Release|Any CPU
		{8AC428B6-9577-44CD-A76D-14296DEC462B}.AppStore|iPhone.ActiveCfg = Release|Any CPU
		{8AC428B6-9577-44CD-A76D-14296DEC462B}.AppStore|iPhone.Build.0 = Release|Any CPU
		{8AC428B6-9577-44CD-A76D-14296DEC462B}.AppStore|iPhoneSimulator.ActiveCfg = Release|Any CPU
		{8AC428B6-9577-44CD-A76D-14296DEC462B}.AppStore|iPhoneSimulator.Build.0 = Release|Any CPU
		{8AC428B6-9577-44CD-A76D-14296DEC462B}.AppStore|x64.ActiveCfg = Release|Any CPU
		{8AC428B6-9577-44CD-A76D-14296DEC462B}.AppStore|x64.Build.0 = Release|Any CPU
		{8AC428B6-9577-44CD-A76D-14296DEC462B}.AppStore|x86.ActiveCfg = Release|Any CPU
		{8AC428B6-9577-44CD-A76D-14296DEC462B}.AppStore|x86.Build.0 = Release|Any CPU
		{8AC428B6-9577-44CD-A76D-14296DEC462B}.Debug|Any CPU.ActiveCfg = Debug|Any CPU
		{8AC428B6-9577-44CD-A76D-14296DEC462B}.Debug|Any CPU.Build.0 = Debug|Any CPU
		{8AC428B6-9577-44CD-A76D-14296DEC462B}.Debug|ARM.ActiveCfg = Debug|Any CPU
		{8AC428B6-9577-44CD-A76D-14296DEC462B}.Debug|ARM.Build.0 = Debug|Any CPU
		{8AC428B6-9577-44CD-A76D-14296DEC462B}.Debug|iPhone.ActiveCfg = Debug|Any CPU
		{8AC428B6-9577-44CD-A76D-14296DEC462B}.Debug|iPhone.Build.0 = Debug|Any CPU
		{8AC428B6-9577-44CD-A76D-14296DEC462B}.Debug|iPhoneSimulator.ActiveCfg = Debug|Any CPU
		{8AC428B6-9577-44CD-A76D-14296DEC462B}.Debug|iPhoneSimulator.Build.0 = Debug|Any CPU
		{8AC428B6-9577-44CD-A76D-14296DEC462B}.Debug|x64.ActiveCfg = Debug|Any CPU
		{8AC428B6-9577-44CD-A76D-14296DEC462B}.Debug|x64.Build.0 = Debug|Any CPU
		{8AC428B6-9577-44CD-A76D-14296DEC462B}.Debug|x86.ActiveCfg = Debug|Any CPU
		{8AC428B6-9577-44CD-A76D-14296DEC462B}.Debug|x86.Build.0 = Debug|Any CPU
		{8AC428B6-9577-44CD-A76D-14296DEC462B}.Release|Any CPU.ActiveCfg = Release|Any CPU
		{8AC428B6-9577-44CD-A76D-14296DEC462B}.Release|Any CPU.Build.0 = Release|Any CPU
		{8AC428B6-9577-44CD-A76D-14296DEC462B}.Release|ARM.ActiveCfg = Release|Any CPU
		{8AC428B6-9577-44CD-A76D-14296DEC462B}.Release|ARM.Build.0 = Release|Any CPU
		{8AC428B6-9577-44CD-A76D-14296DEC462B}.Release|iPhone.ActiveCfg = Release|Any CPU
		{8AC428B6-9577-44CD-A76D-14296DEC462B}.Release|iPhone.Build.0 = Release|Any CPU
		{8AC428B6-9577-44CD-A76D-14296DEC462B}.Release|iPhoneSimulator.ActiveCfg = Release|Any CPU
		{8AC428B6-9577-44CD-A76D-14296DEC462B}.Release|iPhoneSimulator.Build.0 = Release|Any CPU
		{8AC428B6-9577-44CD-A76D-14296DEC462B}.Release|x64.ActiveCfg = Release|Any CPU
		{8AC428B6-9577-44CD-A76D-14296DEC462B}.Release|x64.Build.0 = Release|Any CPU
		{8AC428B6-9577-44CD-A76D-14296DEC462B}.Release|x86.ActiveCfg = Release|Any CPU
		{8AC428B6-9577-44CD-A76D-14296DEC462B}.Release|x86.Build.0 = Release|Any CPU
		{5028B1FF-FB42-4E20-A63B-101B761B093A}.Ad-Hoc|Any CPU.ActiveCfg = Release|x86
		{5028B1FF-FB42-4E20-A63B-101B761B093A}.Ad-Hoc|Any CPU.Build.0 = Release|x86
		{5028B1FF-FB42-4E20-A63B-101B761B093A}.Ad-Hoc|Any CPU.Deploy.0 = Release|x86
		{5028B1FF-FB42-4E20-A63B-101B761B093A}.Ad-Hoc|ARM.ActiveCfg = Release|ARM
		{5028B1FF-FB42-4E20-A63B-101B761B093A}.Ad-Hoc|ARM.Build.0 = Release|ARM
		{5028B1FF-FB42-4E20-A63B-101B761B093A}.Ad-Hoc|ARM.Deploy.0 = Release|ARM
		{5028B1FF-FB42-4E20-A63B-101B761B093A}.Ad-Hoc|iPhone.ActiveCfg = Release|x86
		{5028B1FF-FB42-4E20-A63B-101B761B093A}.Ad-Hoc|iPhone.Build.0 = Release|x86
		{5028B1FF-FB42-4E20-A63B-101B761B093A}.Ad-Hoc|iPhone.Deploy.0 = Release|x86
		{5028B1FF-FB42-4E20-A63B-101B761B093A}.Ad-Hoc|iPhoneSimulator.ActiveCfg = Release|x86
		{5028B1FF-FB42-4E20-A63B-101B761B093A}.Ad-Hoc|iPhoneSimulator.Build.0 = Release|x86
		{5028B1FF-FB42-4E20-A63B-101B761B093A}.Ad-Hoc|iPhoneSimulator.Deploy.0 = Release|x86
		{5028B1FF-FB42-4E20-A63B-101B761B093A}.Ad-Hoc|x64.ActiveCfg = Release|x64
		{5028B1FF-FB42-4E20-A63B-101B761B093A}.Ad-Hoc|x64.Build.0 = Release|x64
		{5028B1FF-FB42-4E20-A63B-101B761B093A}.Ad-Hoc|x64.Deploy.0 = Release|x64
		{5028B1FF-FB42-4E20-A63B-101B761B093A}.Ad-Hoc|x86.ActiveCfg = Release|x86
		{5028B1FF-FB42-4E20-A63B-101B761B093A}.Ad-Hoc|x86.Build.0 = Release|x86
		{5028B1FF-FB42-4E20-A63B-101B761B093A}.Ad-Hoc|x86.Deploy.0 = Release|x86
		{5028B1FF-FB42-4E20-A63B-101B761B093A}.AppStore|Any CPU.ActiveCfg = Release|x86
		{5028B1FF-FB42-4E20-A63B-101B761B093A}.AppStore|Any CPU.Build.0 = Release|x86
		{5028B1FF-FB42-4E20-A63B-101B761B093A}.AppStore|Any CPU.Deploy.0 = Release|x86
		{5028B1FF-FB42-4E20-A63B-101B761B093A}.AppStore|ARM.ActiveCfg = Release|ARM
		{5028B1FF-FB42-4E20-A63B-101B761B093A}.AppStore|ARM.Build.0 = Release|ARM
		{5028B1FF-FB42-4E20-A63B-101B761B093A}.AppStore|ARM.Deploy.0 = Release|ARM
		{5028B1FF-FB42-4E20-A63B-101B761B093A}.AppStore|iPhone.ActiveCfg = Release|x86
		{5028B1FF-FB42-4E20-A63B-101B761B093A}.AppStore|iPhone.Build.0 = Release|x86
		{5028B1FF-FB42-4E20-A63B-101B761B093A}.AppStore|iPhone.Deploy.0 = Release|x86
		{5028B1FF-FB42-4E20-A63B-101B761B093A}.AppStore|iPhoneSimulator.ActiveCfg = Release|x86
		{5028B1FF-FB42-4E20-A63B-101B761B093A}.AppStore|iPhoneSimulator.Build.0 = Release|x86
		{5028B1FF-FB42-4E20-A63B-101B761B093A}.AppStore|iPhoneSimulator.Deploy.0 = Release|x86
		{5028B1FF-FB42-4E20-A63B-101B761B093A}.AppStore|x64.ActiveCfg = Release|x64
		{5028B1FF-FB42-4E20-A63B-101B761B093A}.AppStore|x64.Build.0 = Release|x64
		{5028B1FF-FB42-4E20-A63B-101B761B093A}.AppStore|x64.Deploy.0 = Release|x64
		{5028B1FF-FB42-4E20-A63B-101B761B093A}.AppStore|x86.ActiveCfg = Release|x86
		{5028B1FF-FB42-4E20-A63B-101B761B093A}.AppStore|x86.Build.0 = Release|x86
		{5028B1FF-FB42-4E20-A63B-101B761B093A}.AppStore|x86.Deploy.0 = Release|x86
		{5028B1FF-FB42-4E20-A63B-101B761B093A}.Debug|Any CPU.ActiveCfg = Debug|x86
		{5028B1FF-FB42-4E20-A63B-101B761B093A}.Debug|ARM.ActiveCfg = Debug|ARM
		{5028B1FF-FB42-4E20-A63B-101B761B093A}.Debug|ARM.Build.0 = Debug|ARM
		{5028B1FF-FB42-4E20-A63B-101B761B093A}.Debug|ARM.Deploy.0 = Debug|ARM
		{5028B1FF-FB42-4E20-A63B-101B761B093A}.Debug|iPhone.ActiveCfg = Debug|x86
		{5028B1FF-FB42-4E20-A63B-101B761B093A}.Debug|iPhoneSimulator.ActiveCfg = Debug|x86
		{5028B1FF-FB42-4E20-A63B-101B761B093A}.Debug|x64.ActiveCfg = Debug|x64
		{5028B1FF-FB42-4E20-A63B-101B761B093A}.Debug|x64.Build.0 = Debug|x64
		{5028B1FF-FB42-4E20-A63B-101B761B093A}.Debug|x64.Deploy.0 = Debug|x64
		{5028B1FF-FB42-4E20-A63B-101B761B093A}.Debug|x86.ActiveCfg = Debug|x86
		{5028B1FF-FB42-4E20-A63B-101B761B093A}.Debug|x86.Build.0 = Debug|x86
		{5028B1FF-FB42-4E20-A63B-101B761B093A}.Debug|x86.Deploy.0 = Debug|x86
		{5028B1FF-FB42-4E20-A63B-101B761B093A}.Release|Any CPU.ActiveCfg = Release|x86
		{5028B1FF-FB42-4E20-A63B-101B761B093A}.Release|ARM.ActiveCfg = Release|ARM
		{5028B1FF-FB42-4E20-A63B-101B761B093A}.Release|ARM.Build.0 = Release|ARM
		{5028B1FF-FB42-4E20-A63B-101B761B093A}.Release|ARM.Deploy.0 = Release|ARM
		{5028B1FF-FB42-4E20-A63B-101B761B093A}.Release|iPhone.ActiveCfg = Release|x86
		{5028B1FF-FB42-4E20-A63B-101B761B093A}.Release|iPhoneSimulator.ActiveCfg = Release|x86
		{5028B1FF-FB42-4E20-A63B-101B761B093A}.Release|x64.ActiveCfg = Release|x64
		{5028B1FF-FB42-4E20-A63B-101B761B093A}.Release|x64.Build.0 = Release|x64
		{5028B1FF-FB42-4E20-A63B-101B761B093A}.Release|x64.Deploy.0 = Release|x64
		{5028B1FF-FB42-4E20-A63B-101B761B093A}.Release|x86.ActiveCfg = Release|x86
		{5028B1FF-FB42-4E20-A63B-101B761B093A}.Release|x86.Build.0 = Release|x86
		{5028B1FF-FB42-4E20-A63B-101B761B093A}.Release|x86.Deploy.0 = Release|x86
		{769C7020-B0E4-499F-9DD0-76EC818C0A84}.Ad-Hoc|Any CPU.ActiveCfg = Ad-Hoc|iPhone
		{769C7020-B0E4-499F-9DD0-76EC818C0A84}.Ad-Hoc|ARM.ActiveCfg = Ad-Hoc|iPhone
		{769C7020-B0E4-499F-9DD0-76EC818C0A84}.Ad-Hoc|iPhone.ActiveCfg = Ad-Hoc|iPhone
		{769C7020-B0E4-499F-9DD0-76EC818C0A84}.Ad-Hoc|iPhone.Build.0 = Ad-Hoc|iPhone
		{769C7020-B0E4-499F-9DD0-76EC818C0A84}.Ad-Hoc|iPhoneSimulator.ActiveCfg = Ad-Hoc|iPhoneSimulator
		{769C7020-B0E4-499F-9DD0-76EC818C0A84}.Ad-Hoc|iPhoneSimulator.Build.0 = Ad-Hoc|iPhoneSimulator
		{769C7020-B0E4-499F-9DD0-76EC818C0A84}.Ad-Hoc|x64.ActiveCfg = Ad-Hoc|iPhone
		{769C7020-B0E4-499F-9DD0-76EC818C0A84}.Ad-Hoc|x86.ActiveCfg = Ad-Hoc|iPhone
		{769C7020-B0E4-499F-9DD0-76EC818C0A84}.AppStore|Any CPU.ActiveCfg = AppStore|iPhone
		{769C7020-B0E4-499F-9DD0-76EC818C0A84}.AppStore|ARM.ActiveCfg = AppStore|iPhone
		{769C7020-B0E4-499F-9DD0-76EC818C0A84}.AppStore|iPhone.ActiveCfg = AppStore|iPhone
		{769C7020-B0E4-499F-9DD0-76EC818C0A84}.AppStore|iPhone.Build.0 = AppStore|iPhone
		{769C7020-B0E4-499F-9DD0-76EC818C0A84}.AppStore|iPhoneSimulator.ActiveCfg = AppStore|iPhoneSimulator
		{769C7020-B0E4-499F-9DD0-76EC818C0A84}.AppStore|iPhoneSimulator.Build.0 = AppStore|iPhoneSimulator
		{769C7020-B0E4-499F-9DD0-76EC818C0A84}.AppStore|x64.ActiveCfg = AppStore|iPhone
		{769C7020-B0E4-499F-9DD0-76EC818C0A84}.AppStore|x86.ActiveCfg = AppStore|iPhone
		{769C7020-B0E4-499F-9DD0-76EC818C0A84}.Debug|Any CPU.ActiveCfg = Debug|iPhone
		{769C7020-B0E4-499F-9DD0-76EC818C0A84}.Debug|ARM.ActiveCfg = Debug|iPhone
		{769C7020-B0E4-499F-9DD0-76EC818C0A84}.Debug|iPhone.ActiveCfg = Debug|iPhone
		{769C7020-B0E4-499F-9DD0-76EC818C0A84}.Debug|iPhone.Build.0 = Debug|iPhone
		{769C7020-B0E4-499F-9DD0-76EC818C0A84}.Debug|iPhoneSimulator.ActiveCfg = Debug|iPhoneSimulator
		{769C7020-B0E4-499F-9DD0-76EC818C0A84}.Debug|iPhoneSimulator.Build.0 = Debug|iPhoneSimulator
		{769C7020-B0E4-499F-9DD0-76EC818C0A84}.Debug|x64.ActiveCfg = Debug|iPhone
		{769C7020-B0E4-499F-9DD0-76EC818C0A84}.Debug|x86.ActiveCfg = Debug|iPhone
		{769C7020-B0E4-499F-9DD0-76EC818C0A84}.Release|Any CPU.ActiveCfg = Release|iPhone
		{769C7020-B0E4-499F-9DD0-76EC818C0A84}.Release|ARM.ActiveCfg = Release|iPhone
		{769C7020-B0E4-499F-9DD0-76EC818C0A84}.Release|iPhone.ActiveCfg = Release|iPhone
		{769C7020-B0E4-499F-9DD0-76EC818C0A84}.Release|iPhone.Build.0 = Release|iPhone
		{769C7020-B0E4-499F-9DD0-76EC818C0A84}.Release|iPhoneSimulator.ActiveCfg = Release|iPhoneSimulator
		{769C7020-B0E4-499F-9DD0-76EC818C0A84}.Release|iPhoneSimulator.Build.0 = Release|iPhoneSimulator
		{769C7020-B0E4-499F-9DD0-76EC818C0A84}.Release|x64.ActiveCfg = Release|iPhone
		{769C7020-B0E4-499F-9DD0-76EC818C0A84}.Release|x86.ActiveCfg = Release|iPhone
		{22F134F0-E5A3-496A-BE6B-75680F014388}.Ad-Hoc|Any CPU.ActiveCfg = Release|Any CPU
		{22F134F0-E5A3-496A-BE6B-75680F014388}.Ad-Hoc|Any CPU.Build.0 = Release|Any CPU
		{22F134F0-E5A3-496A-BE6B-75680F014388}.Ad-Hoc|ARM.ActiveCfg = Release|Any CPU
		{22F134F0-E5A3-496A-BE6B-75680F014388}.Ad-Hoc|ARM.Build.0 = Release|Any CPU
		{22F134F0-E5A3-496A-BE6B-75680F014388}.Ad-Hoc|iPhone.ActiveCfg = Release|Any CPU
		{22F134F0-E5A3-496A-BE6B-75680F014388}.Ad-Hoc|iPhone.Build.0 = Release|Any CPU
		{22F134F0-E5A3-496A-BE6B-75680F014388}.Ad-Hoc|iPhoneSimulator.ActiveCfg = Release|Any CPU
		{22F134F0-E5A3-496A-BE6B-75680F014388}.Ad-Hoc|iPhoneSimulator.Build.0 = Release|Any CPU
		{22F134F0-E5A3-496A-BE6B-75680F014388}.Ad-Hoc|x64.ActiveCfg = Release|Any CPU
		{22F134F0-E5A3-496A-BE6B-75680F014388}.Ad-Hoc|x64.Build.0 = Release|Any CPU
		{22F134F0-E5A3-496A-BE6B-75680F014388}.Ad-Hoc|x86.ActiveCfg = Release|Any CPU
		{22F134F0-E5A3-496A-BE6B-75680F014388}.Ad-Hoc|x86.Build.0 = Release|Any CPU
		{22F134F0-E5A3-496A-BE6B-75680F014388}.AppStore|Any CPU.ActiveCfg = Release|Any CPU
		{22F134F0-E5A3-496A-BE6B-75680F014388}.AppStore|Any CPU.Build.0 = Release|Any CPU
		{22F134F0-E5A3-496A-BE6B-75680F014388}.AppStore|ARM.ActiveCfg = Release|Any CPU
		{22F134F0-E5A3-496A-BE6B-75680F014388}.AppStore|ARM.Build.0 = Release|Any CPU
		{22F134F0-E5A3-496A-BE6B-75680F014388}.AppStore|iPhone.ActiveCfg = Release|Any CPU
		{22F134F0-E5A3-496A-BE6B-75680F014388}.AppStore|iPhone.Build.0 = Release|Any CPU
		{22F134F0-E5A3-496A-BE6B-75680F014388}.AppStore|iPhoneSimulator.ActiveCfg = Release|Any CPU
		{22F134F0-E5A3-496A-BE6B-75680F014388}.AppStore|iPhoneSimulator.Build.0 = Release|Any CPU
		{22F134F0-E5A3-496A-BE6B-75680F014388}.AppStore|x64.ActiveCfg = Release|Any CPU
		{22F134F0-E5A3-496A-BE6B-75680F014388}.AppStore|x64.Build.0 = Release|Any CPU
		{22F134F0-E5A3-496A-BE6B-75680F014388}.AppStore|x86.ActiveCfg = Release|Any CPU
		{22F134F0-E5A3-496A-BE6B-75680F014388}.AppStore|x86.Build.0 = Release|Any CPU
		{22F134F0-E5A3-496A-BE6B-75680F014388}.Debug|Any CPU.ActiveCfg = Debug|Any CPU
		{22F134F0-E5A3-496A-BE6B-75680F014388}.Debug|Any CPU.Build.0 = Debug|Any CPU
		{22F134F0-E5A3-496A-BE6B-75680F014388}.Debug|ARM.ActiveCfg = Debug|Any CPU
		{22F134F0-E5A3-496A-BE6B-75680F014388}.Debug|ARM.Build.0 = Debug|Any CPU
		{22F134F0-E5A3-496A-BE6B-75680F014388}.Debug|iPhone.ActiveCfg = Debug|Any CPU
		{22F134F0-E5A3-496A-BE6B-75680F014388}.Debug|iPhone.Build.0 = Debug|Any CPU
		{22F134F0-E5A3-496A-BE6B-75680F014388}.Debug|iPhoneSimulator.ActiveCfg = Debug|Any CPU
		{22F134F0-E5A3-496A-BE6B-75680F014388}.Debug|iPhoneSimulator.Build.0 = Debug|Any CPU
		{22F134F0-E5A3-496A-BE6B-75680F014388}.Debug|x64.ActiveCfg = Debug|Any CPU
		{22F134F0-E5A3-496A-BE6B-75680F014388}.Debug|x64.Build.0 = Debug|Any CPU
		{22F134F0-E5A3-496A-BE6B-75680F014388}.Debug|x86.ActiveCfg = Debug|Any CPU
		{22F134F0-E5A3-496A-BE6B-75680F014388}.Debug|x86.Build.0 = Debug|Any CPU
		{22F134F0-E5A3-496A-BE6B-75680F014388}.Release|Any CPU.ActiveCfg = Release|Any CPU
		{22F134F0-E5A3-496A-BE6B-75680F014388}.Release|Any CPU.Build.0 = Release|Any CPU
		{22F134F0-E5A3-496A-BE6B-75680F014388}.Release|ARM.ActiveCfg = Release|Any CPU
		{22F134F0-E5A3-496A-BE6B-75680F014388}.Release|ARM.Build.0 = Release|Any CPU
		{22F134F0-E5A3-496A-BE6B-75680F014388}.Release|iPhone.ActiveCfg = Release|Any CPU
		{22F134F0-E5A3-496A-BE6B-75680F014388}.Release|iPhone.Build.0 = Release|Any CPU
		{22F134F0-E5A3-496A-BE6B-75680F014388}.Release|iPhoneSimulator.ActiveCfg = Release|Any CPU
		{22F134F0-E5A3-496A-BE6B-75680F014388}.Release|iPhoneSimulator.Build.0 = Release|Any CPU
		{22F134F0-E5A3-496A-BE6B-75680F014388}.Release|x64.ActiveCfg = Release|Any CPU
		{22F134F0-E5A3-496A-BE6B-75680F014388}.Release|x64.Build.0 = Release|Any CPU
		{22F134F0-E5A3-496A-BE6B-75680F014388}.Release|x86.ActiveCfg = Release|Any CPU
		{22F134F0-E5A3-496A-BE6B-75680F014388}.Release|x86.Build.0 = Release|Any CPU
		{725A85CA-AB23-4478-882B-0D283F209EC8}.Ad-Hoc|Any CPU.ActiveCfg = Release|Any CPU
		{725A85CA-AB23-4478-882B-0D283F209EC8}.Ad-Hoc|Any CPU.Build.0 = Release|Any CPU
		{725A85CA-AB23-4478-882B-0D283F209EC8}.Ad-Hoc|ARM.ActiveCfg = Release|Any CPU
		{725A85CA-AB23-4478-882B-0D283F209EC8}.Ad-Hoc|ARM.Build.0 = Release|Any CPU
		{725A85CA-AB23-4478-882B-0D283F209EC8}.Ad-Hoc|iPhone.ActiveCfg = Release|Any CPU
		{725A85CA-AB23-4478-882B-0D283F209EC8}.Ad-Hoc|iPhone.Build.0 = Release|Any CPU
		{725A85CA-AB23-4478-882B-0D283F209EC8}.Ad-Hoc|iPhoneSimulator.ActiveCfg = Release|Any CPU
		{725A85CA-AB23-4478-882B-0D283F209EC8}.Ad-Hoc|iPhoneSimulator.Build.0 = Release|Any CPU
		{725A85CA-AB23-4478-882B-0D283F209EC8}.Ad-Hoc|x64.ActiveCfg = Release|Any CPU
		{725A85CA-AB23-4478-882B-0D283F209EC8}.Ad-Hoc|x64.Build.0 = Release|Any CPU
		{725A85CA-AB23-4478-882B-0D283F209EC8}.Ad-Hoc|x86.ActiveCfg = Release|Any CPU
		{725A85CA-AB23-4478-882B-0D283F209EC8}.Ad-Hoc|x86.Build.0 = Release|Any CPU
		{725A85CA-AB23-4478-882B-0D283F209EC8}.AppStore|Any CPU.ActiveCfg = Release|Any CPU
		{725A85CA-AB23-4478-882B-0D283F209EC8}.AppStore|Any CPU.Build.0 = Release|Any CPU
		{725A85CA-AB23-4478-882B-0D283F209EC8}.AppStore|ARM.ActiveCfg = Release|Any CPU
		{725A85CA-AB23-4478-882B-0D283F209EC8}.AppStore|ARM.Build.0 = Release|Any CPU
		{725A85CA-AB23-4478-882B-0D283F209EC8}.AppStore|iPhone.ActiveCfg = Release|Any CPU
		{725A85CA-AB23-4478-882B-0D283F209EC8}.AppStore|iPhone.Build.0 = Release|Any CPU
		{725A85CA-AB23-4478-882B-0D283F209EC8}.AppStore|iPhoneSimulator.ActiveCfg = Release|Any CPU
		{725A85CA-AB23-4478-882B-0D283F209EC8}.AppStore|iPhoneSimulator.Build.0 = Release|Any CPU
		{725A85CA-AB23-4478-882B-0D283F209EC8}.AppStore|x64.ActiveCfg = Release|Any CPU
		{725A85CA-AB23-4478-882B-0D283F209EC8}.AppStore|x64.Build.0 = Release|Any CPU
		{725A85CA-AB23-4478-882B-0D283F209EC8}.AppStore|x86.ActiveCfg = Release|Any CPU
		{725A85CA-AB23-4478-882B-0D283F209EC8}.AppStore|x86.Build.0 = Release|Any CPU
		{725A85CA-AB23-4478-882B-0D283F209EC8}.Debug|Any CPU.ActiveCfg = Debug|Any CPU
		{725A85CA-AB23-4478-882B-0D283F209EC8}.Debug|Any CPU.Build.0 = Debug|Any CPU
		{725A85CA-AB23-4478-882B-0D283F209EC8}.Debug|ARM.ActiveCfg = Debug|Any CPU
		{725A85CA-AB23-4478-882B-0D283F209EC8}.Debug|ARM.Build.0 = Debug|Any CPU
		{725A85CA-AB23-4478-882B-0D283F209EC8}.Debug|iPhone.ActiveCfg = Debug|Any CPU
		{725A85CA-AB23-4478-882B-0D283F209EC8}.Debug|iPhone.Build.0 = Debug|Any CPU
		{725A85CA-AB23-4478-882B-0D283F209EC8}.Debug|iPhoneSimulator.ActiveCfg = Debug|Any CPU
		{725A85CA-AB23-4478-882B-0D283F209EC8}.Debug|iPhoneSimulator.Build.0 = Debug|Any CPU
		{725A85CA-AB23-4478-882B-0D283F209EC8}.Debug|x64.ActiveCfg = Debug|Any CPU
		{725A85CA-AB23-4478-882B-0D283F209EC8}.Debug|x64.Build.0 = Debug|Any CPU
		{725A85CA-AB23-4478-882B-0D283F209EC8}.Debug|x86.ActiveCfg = Debug|Any CPU
		{725A85CA-AB23-4478-882B-0D283F209EC8}.Debug|x86.Build.0 = Debug|Any CPU
		{725A85CA-AB23-4478-882B-0D283F209EC8}.Release|Any CPU.ActiveCfg = Release|Any CPU
		{725A85CA-AB23-4478-882B-0D283F209EC8}.Release|Any CPU.Build.0 = Release|Any CPU
		{725A85CA-AB23-4478-882B-0D283F209EC8}.Release|ARM.ActiveCfg = Release|Any CPU
		{725A85CA-AB23-4478-882B-0D283F209EC8}.Release|ARM.Build.0 = Release|Any CPU
		{725A85CA-AB23-4478-882B-0D283F209EC8}.Release|iPhone.ActiveCfg = Release|Any CPU
		{725A85CA-AB23-4478-882B-0D283F209EC8}.Release|iPhone.Build.0 = Release|Any CPU
		{725A85CA-AB23-4478-882B-0D283F209EC8}.Release|iPhoneSimulator.ActiveCfg = Release|Any CPU
		{725A85CA-AB23-4478-882B-0D283F209EC8}.Release|iPhoneSimulator.Build.0 = Release|Any CPU
		{725A85CA-AB23-4478-882B-0D283F209EC8}.Release|x64.ActiveCfg = Release|Any CPU
		{725A85CA-AB23-4478-882B-0D283F209EC8}.Release|x64.Build.0 = Release|Any CPU
		{725A85CA-AB23-4478-882B-0D283F209EC8}.Release|x86.ActiveCfg = Release|Any CPU
		{725A85CA-AB23-4478-882B-0D283F209EC8}.Release|x86.Build.0 = Release|Any CPU
	EndGlobalSection
	GlobalSection(SolutionProperties) = preSolution
		HideSolutionNode = FALSE
	EndGlobalSection
EndGlobal
